
Microsoft Visual Studio Solution File, Format Version 12.00
# Visual Studio Version 16
VisualStudioVersion = 16.0.32002.261
MinimumVisualStudioVersion = 10.0.40219.1
Project("{FAE04EC0-301F-11D3-BF4B-00C04F79EFBC}") = "QueueFunc_Example", "QueueFunc_Example\QueueFunc_Example.csproj", "{EC70ACBF-3A99-4ECB-946A-822D9C2EA331}"
EndProject
Global
	GlobalSection(SolutionConfigurationPlatforms) = preSolution
		Debug|Any CPU = Debug|Any CPU
		Release|Any CPU = Release|Any CPU
	EndGlobalSection
	GlobalSection(ProjectConfigurationPlatforms) = postSolution
		{EC70ACBF-3A99-4ECB-946A-822D9C2EA331}.Debug|Any CPU.ActiveCfg = Debug|Any CPU
		{EC70ACBF-3A99-4ECB-946A-822D9C2EA331}.Debug|Any CPU.Build.0 = Debug|Any CPU
		{EC70ACBF-3A99-4ECB-946A-822D9C2EA331}.Release|Any CPU.ActiveCfg = Release|Any CPU
		{EC70ACBF-3A99-4ECB-946A-822D9C2EA331}.Release|Any CPU.Build.0 = Release|Any CPU
	EndGlobalSection
	GlobalSection(SolutionProperties) = preSolution
		HideSolutionNode = FALSE
	EndGlobalSection
	GlobalSection(ExtensibilityGlobals) = postSolution
		SolutionGuid = {9891A564-BB24-4535-923D-15BA3B1F82E5}
	EndGlobalSection
EndGlobal
